
Microsoft Visual Studio Solution File, Format Version 11.00
# Visual Studio 2010
Project("{FAE04EC0-301F-11D3-BF4B-00C04F79EFBC}") = "TemplateProcessor.WinUI", "TemplateProcessor.WinUI\TemplateProcessor.WinUI.csproj", "{B386F2C5-BFDA-43AE-BE3A-0E6A2E7CA590}"
EndProject
Project("{2150E333-8FDC-42A3-9474-1A3956D46DE8}") = "TemplateProcessor.Shared", "TemplateProcessor.Shared", "{8715A35D-3F5C-49CA-95C5-0DC696FD7A4D}"
	ProjectSection(SolutionItems) = preProject
		TemplateProcessor.Shared\Creelio.Framework.dll = TemplateProcessor.Shared\Creelio.Framework.dll
	EndProjectSection
EndProject
Project("{FAE04EC0-301F-11D3-BF4B-00C04F79EFBC}") = "TemplateProcessor.Client", "TemplateProcessor.Client\TemplateProcessor.Client.csproj", "{9C5DDB9E-BA29-46FB-9037-7E44679B03DD}"
EndProject
Global
	GlobalSection(SolutionConfigurationPlatforms) = preSolution
		Debug|Any CPU = Debug|Any CPU
		Debug|Mixed Platforms = Debug|Mixed Platforms
		Debug|x86 = Debug|x86
		Release|Any CPU = Release|Any CPU
		Release|Mixed Platforms = Release|Mixed Platforms
		Release|x86 = Release|x86
	EndGlobalSection
	GlobalSection(ProjectConfigurationPlatforms) = postSolution
		{B386F2C5-BFDA-43AE-BE3A-0E6A2E7CA590}.Debug|Any CPU.ActiveCfg = Debug|x86
		{B386F2C5-BFDA-43AE-BE3A-0E6A2E7CA590}.Debug|Mixed Platforms.ActiveCfg = Debug|x86
		{B386F2C5-BFDA-43AE-BE3A-0E6A2E7CA590}.Debug|Mixed Platforms.Build.0 = Debug|x86
		{B386F2C5-BFDA-43AE-BE3A-0E6A2E7CA590}.Debug|x86.ActiveCfg = Debug|x86
		{B386F2C5-BFDA-43AE-BE3A-0E6A2E7CA590}.Debug|x86.Build.0 = Debug|x86
		{B386F2C5-BFDA-43AE-BE3A-0E6A2E7CA590}.Release|Any CPU.ActiveCfg = Release|x86
		{B386F2C5-BFDA-43AE-BE3A-0E6A2E7CA590}.Release|Mixed Platforms.ActiveCfg = Release|x86
		{B386F2C5-BFDA-43AE-BE3A-0E6A2E7CA590}.Release|Mixed Platforms.Build.0 = Release|x86
		{B386F2C5-BFDA-43AE-BE3A-0E6A2E7CA590}.Release|x86.ActiveCfg = Release|x86
		{B386F2C5-BFDA-43AE-BE3A-0E6A2E7CA590}.Release|x86.Build.0 = Release|x86
		{9C5DDB9E-BA29-46FB-9037-7E44679B03DD}.Debug|Any CPU.ActiveCfg = Debug|Any CPU
		{9C5DDB9E-BA29-46FB-9037-7E44679B03DD}.Debug|Any CPU.Build.0 = Debug|Any CPU
		{9C5DDB9E-BA29-46FB-9037-7E44679B03DD}.Debug|Mixed Platforms.ActiveCfg = Debug|Any CPU
		{9C5DDB9E-BA29-46FB-9037-7E44679B03DD}.Debug|Mixed Platforms.Build.0 = Debug|Any CPU
		{9C5DDB9E-BA29-46FB-9037-7E44679B03DD}.Debug|x86.ActiveCfg = Debug|Any CPU
		{9C5DDB9E-BA29-46FB-9037-7E44679B03DD}.Release|Any CPU.ActiveCfg = Release|Any CPU
		{9C5DDB9E-BA29-46FB-9037-7E44679B03DD}.Release|Any CPU.Build.0 = Release|Any CPU
		{9C5DDB9E-BA29-46FB-9037-7E44679B03DD}.Release|Mixed Platforms.ActiveCfg = Release|Any CPU
		{9C5DDB9E-BA29-46FB-9037-7E44679B03DD}.Release|Mixed Platforms.Build.0 = Release|Any CPU
		{9C5DDB9E-BA29-46FB-9037-7E44679B03DD}.Release|x86.ActiveCfg = Release|Any CPU
	EndGlobalSection
	GlobalSection(SolutionProperties) = preSolution
		HideSolutionNode = FALSE
	EndGlobalSection
EndGlobal
